
Microsoft Visual Studio Solution File, Format Version 12.00
Project("{FAE04EC0-301F-11D3-BF4B-00C04F79EFBC}") = "BugNet", "BugNet\BugNet.csproj", "{39F4C2CB-10BF-447B-AE52-984CBC620200}"
EndProject
Global
	GlobalSection(SolutionConfigurationPlatforms) = preSolution
		Debug|Any CPU = Debug|Any CPU
		Release|Any CPU = Release|Any CPU
	EndGlobalSection
	GlobalSection(ProjectConfigurationPlatforms) = postSolution
		{39F4C2CB-10BF-447B-AE52-984CBC620200}.Debug|Any CPU.ActiveCfg = Debug|Any CPU
		{39F4C2CB-10BF-447B-AE52-984CBC620200}.Debug|Any CPU.Build.0 = Debug|Any CPU
		{39F4C2CB-10BF-447B-AE52-984CBC620200}.Release|Any CPU.ActiveCfg = Release|Any CPU
		{39F4C2CB-10BF-447B-AE52-984CBC620200}.Release|Any CPU.Build.0 = Release|Any CPU
	EndGlobalSection
EndGlobal
